
Microsoft Visual Studio Solution File, Format Version 12.00
# Visual Studio Version 17
VisualStudioVersion = 17.0.31903.59
MinimumVisualStudioVersion = 10.0.40219.1
Project("{2150E333-8FDC-42A3-9474-1A3956D46DE8}") = "src", "src", "{725DC290-56F2-4254-A8E2-526E630A5409}"
EndProject
Project("{FAE04EC0-301F-11D3-BF4B-00C04F79EFBC}") = "AuthService.Application", "src\AuthService.Application\AuthService.Application.csproj", "{4D52387B-3FBA-44E4-AEDA-B4E759E76F9B}"
EndProject
Project("{FAE04EC0-301F-11D3-BF4B-00C04F79EFBC}") = "AuthService.Domain", "src\AuthService.Domain\AuthService.Domain.csproj", "{9DDA850D-43C5-4986-AEC2-82AA28792A81}"
EndProject
Project("{FAE04EC0-301F-11D3-BF4B-00C04F79EFBC}") = "AuthService.Infrastructure", "src\AuthService.Infrastructure\AuthService.Infrastructure.csproj", "{5EDAE87A-F0B6-4A62-AEF8-E7FF12ABF453}"
EndProject
Project("{FAE04EC0-301F-11D3-BF4B-00C04F79EFBC}") = "AuthService.Shared", "src\AuthService.Shared\AuthService.Shared.csproj", "{84FF0293-482F-4A03-9A39-FA65B564CAC4}"
EndProject
Project("{FAE04EC0-301F-11D3-BF4B-00C04F79EFBC}") = "AuthService.Api", "src\AuthService.Api\AuthService.Api.csproj", "{B0787484-D4E0-45E5-A04C-06800B910344}"
EndProject
Global
	GlobalSection(SolutionConfigurationPlatforms) = preSolution
		Debug|Any CPU = Debug|Any CPU
		Release|Any CPU = Release|Any CPU
	EndGlobalSection
	GlobalSection(SolutionProperties) = preSolution
		HideSolutionNode = FALSE
	EndGlobalSection
	GlobalSection(ProjectConfigurationPlatforms) = postSolution
		{4D52387B-3FBA-44E4-AEDA-B4E759E76F9B}.Debug|Any CPU.ActiveCfg = Debug|Any CPU
		{4D52387B-3FBA-44E4-AEDA-B4E759E76F9B}.Debug|Any CPU.Build.0 = Debug|Any CPU
		{4D52387B-3FBA-44E4-AEDA-B4E759E76F9B}.Release|Any CPU.ActiveCfg = Release|Any CPU
		{4D52387B-3FBA-44E4-AEDA-B4E759E76F9B}.Release|Any CPU.Build.0 = Release|Any CPU
		{9DDA850D-43C5-4986-AEC2-82AA28792A81}.Debug|Any CPU.ActiveCfg = Debug|Any CPU
		{9DDA850D-43C5-4986-AEC2-82AA28792A81}.Debug|Any CPU.Build.0 = Debug|Any CPU
		{9DDA850D-43C5-4986-AEC2-82AA28792A81}.Release|Any CPU.ActiveCfg = Release|Any CPU
		{9DDA850D-43C5-4986-AEC2-82AA28792A81}.Release|Any CPU.Build.0 = Release|Any CPU
		{5EDAE87A-F0B6-4A62-AEF8-E7FF12ABF453}.Debug|Any CPU.ActiveCfg = Debug|Any CPU
		{5EDAE87A-F0B6-4A62-AEF8-E7FF12ABF453}.Debug|Any CPU.Build.0 = Debug|Any CPU
		{5EDAE87A-F0B6-4A62-AEF8-E7FF12ABF453}.Release|Any CPU.ActiveCfg = Release|Any CPU
		{5EDAE87A-F0B6-4A62-AEF8-E7FF12ABF453}.Release|Any CPU.Build.0 = Release|Any CPU
		{84FF0293-482F-4A03-9A39-FA65B564CAC4}.Debug|Any CPU.ActiveCfg = Debug|Any CPU
		{84FF0293-482F-4A03-9A39-FA65B564CAC4}.Debug|Any CPU.Build.0 = Debug|Any CPU
		{84FF0293-482F-4A03-9A39-FA65B564CAC4}.Release|Any CPU.ActiveCfg = Release|Any CPU
		{84FF0293-482F-4A03-9A39-FA65B564CAC4}.Release|Any CPU.Build.0 = Release|Any CPU
		{B0787484-D4E0-45E5-A04C-06800B910344}.Debug|Any CPU.ActiveCfg = Debug|Any CPU
		{B0787484-D4E0-45E5-A04C-06800B910344}.Debug|Any CPU.Build.0 = Debug|Any CPU
		{B0787484-D4E0-45E5-A04C-06800B910344}.Release|Any CPU.ActiveCfg = Release|Any CPU
		{B0787484-D4E0-45E5-A04C-06800B910344}.Release|Any CPU.Build.0 = Release|Any CPU
	EndGlobalSection
	GlobalSection(NestedProjects) = preSolution
		{4D52387B-3FBA-44E4-AEDA-B4E759E76F9B} = {725DC290-56F2-4254-A8E2-526E630A5409}
		{9DDA850D-43C5-4986-AEC2-82AA28792A81} = {725DC290-56F2-4254-A8E2-526E630A5409}
		{5EDAE87A-F0B6-4A62-AEF8-E7FF12ABF453} = {725DC290-56F2-4254-A8E2-526E630A5409}
		{84FF0293-482F-4A03-9A39-FA65B564CAC4} = {725DC290-56F2-4254-A8E2-526E630A5409}
		{B0787484-D4E0-45E5-A04C-06800B910344} = {725DC290-56F2-4254-A8E2-526E630A5409}
	EndGlobalSection
EndGlobal
