
Microsoft Visual Studio Solution File, Format Version 12.00
# Visual Studio Version 17
VisualStudioVersion = 17.0.31903.59
MinimumVisualStudioVersion = 10.0.40219.1
Project("{2150E333-8FDC-42A3-9474-1A3956D46DE8}") = "Gateway", "Gateway", "{C69C285A-8013-4F3E-A1FC-F181E013E39E}"
EndProject
Project("{FAE04EC0-301F-11D3-BF4B-00C04F79EFBC}") = "Gateway.API", "Gateway\Gateway.API\Gateway.API.csproj", "{6D7B9507-874E-4DE7-8368-648A4B672549}"
EndProject
Project("{2150E333-8FDC-42A3-9474-1A3956D46DE8}") = "AuthService", "AuthService", "{BC4485CD-E7C6-4B83-98CC-6E311C9DA42F}"
EndProject
Project("{2150E333-8FDC-42A3-9474-1A3956D46DE8}") = "src", "src", "{1E12E066-D2EF-41C0-BB45-9C18D6E76E57}"
EndProject
Project("{FAE04EC0-301F-11D3-BF4B-00C04F79EFBC}") = "AuthService.Api", "AuthService\src\AuthService.Api\AuthService.Api.csproj", "{5AADFD62-315E-43FB-9D5A-3F901E6A4C0A}"
EndProject
Project("{FAE04EC0-301F-11D3-BF4B-00C04F79EFBC}") = "AuthService.Application", "AuthService\src\AuthService.Application\AuthService.Application.csproj", "{D5EABC7B-3EEF-4E88-AB6F-101A86F64050}"
EndProject
Project("{FAE04EC0-301F-11D3-BF4B-00C04F79EFBC}") = "AuthService.Domain", "AuthService\src\AuthService.Domain\AuthService.Domain.csproj", "{D362EDBD-494C-415E-B63E-5201CA93F6A6}"
EndProject
Project("{FAE04EC0-301F-11D3-BF4B-00C04F79EFBC}") = "AuthService.Infrastructure", "AuthService\src\AuthService.Infrastructure\AuthService.Infrastructure.csproj", "{40C6D35E-EF4C-4318-BFB7-B373F78FC62B}"
EndProject
Global
	GlobalSection(SolutionConfigurationPlatforms) = preSolution
		Debug|Any CPU = Debug|Any CPU
		Release|Any CPU = Release|Any CPU
	EndGlobalSection
	GlobalSection(SolutionProperties) = preSolution
		HideSolutionNode = FALSE
	EndGlobalSection
	GlobalSection(ProjectConfigurationPlatforms) = postSolution
		{6D7B9507-874E-4DE7-8368-648A4B672549}.Debug|Any CPU.ActiveCfg = Debug|Any CPU
		{6D7B9507-874E-4DE7-8368-648A4B672549}.Debug|Any CPU.Build.0 = Debug|Any CPU
		{6D7B9507-874E-4DE7-8368-648A4B672549}.Release|Any CPU.ActiveCfg = Release|Any CPU
		{6D7B9507-874E-4DE7-8368-648A4B672549}.Release|Any CPU.Build.0 = Release|Any CPU
		{5AADFD62-315E-43FB-9D5A-3F901E6A4C0A}.Debug|Any CPU.ActiveCfg = Debug|Any CPU
		{5AADFD62-315E-43FB-9D5A-3F901E6A4C0A}.Debug|Any CPU.Build.0 = Debug|Any CPU
		{5AADFD62-315E-43FB-9D5A-3F901E6A4C0A}.Release|Any CPU.ActiveCfg = Release|Any CPU
		{5AADFD62-315E-43FB-9D5A-3F901E6A4C0A}.Release|Any CPU.Build.0 = Release|Any CPU
		{D5EABC7B-3EEF-4E88-AB6F-101A86F64050}.Debug|Any CPU.ActiveCfg = Debug|Any CPU
		{D5EABC7B-3EEF-4E88-AB6F-101A86F64050}.Debug|Any CPU.Build.0 = Debug|Any CPU
		{D5EABC7B-3EEF-4E88-AB6F-101A86F64050}.Release|Any CPU.ActiveCfg = Release|Any CPU
		{D5EABC7B-3EEF-4E88-AB6F-101A86F64050}.Release|Any CPU.Build.0 = Release|Any CPU
		{D362EDBD-494C-415E-B63E-5201CA93F6A6}.Debug|Any CPU.ActiveCfg = Debug|Any CPU
		{D362EDBD-494C-415E-B63E-5201CA93F6A6}.Debug|Any CPU.Build.0 = Debug|Any CPU
		{D362EDBD-494C-415E-B63E-5201CA93F6A6}.Release|Any CPU.ActiveCfg = Release|Any CPU
		{D362EDBD-494C-415E-B63E-5201CA93F6A6}.Release|Any CPU.Build.0 = Release|Any CPU
		{40C6D35E-EF4C-4318-BFB7-B373F78FC62B}.Debug|Any CPU.ActiveCfg = Debug|Any CPU
		{40C6D35E-EF4C-4318-BFB7-B373F78FC62B}.Debug|Any CPU.Build.0 = Debug|Any CPU
		{40C6D35E-EF4C-4318-BFB7-B373F78FC62B}.Release|Any CPU.ActiveCfg = Release|Any CPU
		{40C6D35E-EF4C-4318-BFB7-B373F78FC62B}.Release|Any CPU.Build.0 = Release|Any CPU
	EndGlobalSection
	GlobalSection(NestedProjects) = preSolution
		{6D7B9507-874E-4DE7-8368-648A4B672549} = {C69C285A-8013-4F3E-A1FC-F181E013E39E}
		{1E12E066-D2EF-41C0-BB45-9C18D6E76E57} = {BC4485CD-E7C6-4B83-98CC-6E311C9DA42F}
		{5AADFD62-315E-43FB-9D5A-3F901E6A4C0A} = {1E12E066-D2EF-41C0-BB45-9C18D6E76E57}
		{D5EABC7B-3EEF-4E88-AB6F-101A86F64050} = {1E12E066-D2EF-41C0-BB45-9C18D6E76E57}
		{D362EDBD-494C-415E-B63E-5201CA93F6A6} = {1E12E066-D2EF-41C0-BB45-9C18D6E76E57}
		{40C6D35E-EF4C-4318-BFB7-B373F78FC62B} = {1E12E066-D2EF-41C0-BB45-9C18D6E76E57}
	EndGlobalSection
EndGlobal
